
Microsoft Visual Studio Solution File, Format Version 12.00
# Visual Studio Version 16
VisualStudioVersion = 16.0.31005.135
MinimumVisualStudioVersion = 10.0.40219.1
Project("{FAE04EC0-301F-11D3-BF4B-00C04F79EFBC}") = "SonarQubeTest", "SonarQubeTest\SonarQubeTest.csproj", "{AE5099B7-9C33-4B30-B537-3C5368B9A721}"
EndProject
Global
	GlobalSection(SolutionConfigurationPlatforms) = preSolution
		Debug|Any CPU = Debug|Any CPU
		Release|Any CPU = Release|Any CPU
	EndGlobalSection
	GlobalSection(ProjectConfigurationPlatforms) = postSolution
		{AE5099B7-9C33-4B30-B537-3C5368B9A721}.Debug|Any CPU.ActiveCfg = Debug|Any CPU
		{AE5099B7-9C33-4B30-B537-3C5368B9A721}.Debug|Any CPU.Build.0 = Debug|Any CPU
		{AE5099B7-9C33-4B30-B537-3C5368B9A721}.Release|Any CPU.ActiveCfg = Release|Any CPU
		{AE5099B7-9C33-4B30-B537-3C5368B9A721}.Release|Any CPU.Build.0 = Release|Any CPU
	EndGlobalSection
	GlobalSection(SolutionProperties) = preSolution
		HideSolutionNode = FALSE
	EndGlobalSection
	GlobalSection(ExtensibilityGlobals) = postSolution
		SolutionGuid = {8830B2C3-5203-4705-8924-7092F693F45B}
	EndGlobalSection
EndGlobal
